
Microsoft Visual Studio Solution File, Format Version 12.00
# Visual Studio Version 17
VisualStudioVersion = 17.13.36105.23 d17.13
MinimumVisualStudioVersion = 10.0.40219.1
Project("{FAE04EC0-301F-11D3-BF4B-00C04F79EFBC}") = "Studia", "Studia\Studia.csproj", "{EA3FA534-F436-4C07-93F6-A8294F26BD79}"
EndProject
Global
	GlobalSection(SolutionConfigurationPlatforms) = preSolution
		Debug|Any CPU = Debug|Any CPU
		Release|Any CPU = Release|Any CPU
	EndGlobalSection
	GlobalSection(ProjectConfigurationPlatforms) = postSolution
		{EA3FA534-F436-4C07-93F6-A8294F26BD79}.Debug|Any CPU.ActiveCfg = Debug|Any CPU
		{EA3FA534-F436-4C07-93F6-A8294F26BD79}.Debug|Any CPU.Build.0 = Debug|Any CPU
		{EA3FA534-F436-4C07-93F6-A8294F26BD79}.Release|Any CPU.ActiveCfg = Release|Any CPU
		{EA3FA534-F436-4C07-93F6-A8294F26BD79}.Release|Any CPU.Build.0 = Release|Any CPU
	EndGlobalSection
	GlobalSection(SolutionProperties) = preSolution
		HideSolutionNode = FALSE
	EndGlobalSection
	GlobalSection(ExtensibilityGlobals) = postSolution
		SolutionGuid = {A699A8AC-1E33-4EFA-810F-AA0CCE5E76C9}
	EndGlobalSection
EndGlobal
